// !$*UTF8*$!
{
	archiveVersion = 1;
	classes = {
	};
	objectVersion = 55;
	objects = {

/* Begin PBXBuildFile section */
		BF5F8AAE28FE736D00CF9E3A /* CafeInfo.swift in Sources */ = {isa = PBXBuildFile; fileRef = BF5F8AAD28FE736D00CF9E3A /* CafeInfo.swift */; };
		BF5F8AB028FE73AE00CF9E3A /* DummyData.json in Resources */ = {isa = PBXBuildFile; fileRef = BF5F8AAF28FE73AE00CF9E3A /* DummyData.json */; };
		BF5F8AB228FE74A400CF9E3A /* MockParser.swift in Sources */ = {isa = PBXBuildFile; fileRef = BF5F8AB128FE74A400CF9E3A /* MockParser.swift */; };
		BF5F8AB528FE868E00CF9E3A /* MyHeaderView.swift in Sources */ = {isa = PBXBuildFile; fileRef = BF5F8AB428FE868E00CF9E3A /* MyHeaderView.swift */; };
		BF5F8AB728FE877200CF9E3A /* PopularCafeTableViewCell.swift in Sources */ = {isa = PBXBuildFile; fileRef = BF5F8AB628FE877200CF9E3A /* PopularCafeTableViewCell.swift */; };
		BF5F8AB928FE878F00CF9E3A /* RecentCafeTableViewCell.swift in Sources */ = {isa = PBXBuildFile; fileRef = BF5F8AB828FE878F00CF9E3A /* RecentCafeTableViewCell.swift */; };
		BF5F8ABB28FE881400CF9E3A /* RecentCafeCollectionViewCell.swift in Sources */ = {isa = PBXBuildFile; fileRef = BF5F8ABA28FE881400CF9E3A /* RecentCafeCollectionViewCell.swift */; };
		BF5F8ABD28FEC88700CF9E3A /* SearchListViewController.swift in Sources */ = {isa = PBXBuildFile; fileRef = BF5F8ABC28FEC88700CF9E3A /* SearchListViewController.swift */; };
		BF5F8ABF28FEC8E700CF9E3A /* CustomButtonView.swift in Sources */ = {isa = PBXBuildFile; fileRef = BF5F8ABE28FEC8E700CF9E3A /* CustomButtonView.swift */; };
		BF5F8AC128FEC91300CF9E3A /* ResultCollectionViewCell.swift in Sources */ = {isa = PBXBuildFile; fileRef = BF5F8AC028FEC91300CF9E3A /* ResultCollectionViewCell.swift */; };
		BF5F8AC728FECF5800CF9E3A /* ColorExtension.swift in Sources */ = {isa = PBXBuildFile; fileRef = BF5F8AC628FECF5800CF9E3A /* ColorExtension.swift */; };
		BFB9B11928FFDA460056626C /* GradientExtension.swift in Sources */ = {isa = PBXBuildFile; fileRef = BFB9B11828FFDA460056626C /* GradientExtension.swift */; };
		BFB9B11F29003F110056626C /* FontExtension.swift in Sources */ = {isa = PBXBuildFile; fileRef = BFB9B11E29003F110056626C /* FontExtension.swift */; };
		BFB9B1222900415E0056626C /* Pretendard-SemiBold.otf in Resources */ = {isa = PBXBuildFile; fileRef = BFB9B1212900415E0056626C /* Pretendard-SemiBold.otf */; };
		BFB9B1242900416A0056626C /* Pretendard-Bold.otf in Resources */ = {isa = PBXBuildFile; fileRef = BFB9B1232900416A0056626C /* Pretendard-Bold.otf */; };
		BFB9B126290041790056626C /* Pretendard-Medium.otf in Resources */ = {isa = PBXBuildFile; fileRef = BFB9B125290041790056626C /* Pretendard-Medium.otf */; };
		BFB9B128290041810056626C /* Pretendard-Regular.otf in Resources */ = {isa = PBXBuildFile; fileRef = BFB9B127290041810056626C /* Pretendard-Regular.otf */; };
		BFB9B12A290041A30056626C /* esamanru OTF Bold.otf in Resources */ = {isa = PBXBuildFile; fileRef = BFB9B129290041A30056626C /* esamanru OTF Bold.otf */; };
		BFB9B12C290046BB0056626C /* PaddingExtension.swift in Sources */ = {isa = PBXBuildFile; fileRef = BFB9B12B290046BB0056626C /* PaddingExtension.swift */; };
		D454704428FD1A9F00CFDB25 /* CustomSegmentControl.swift in Sources */ = {isa = PBXBuildFile; fileRef = D454704328FD1A9F00CFDB25 /* CustomSegmentControl.swift */; };
		D454704828FDA72B00CFDB25 /* DetailInfomationViewController.swift in Sources */ = {isa = PBXBuildFile; fileRef = D454704728FDA72B00CFDB25 /* DetailInfomationViewController.swift */; };
		D454704A28FDA79200CFDB25 /* CafeReviewViewController.swift in Sources */ = {isa = PBXBuildFile; fileRef = D454704928FDA79200CFDB25 /* CafeReviewViewController.swift */; };
		D486C47529012EB400D6B0A0 /* CancelButton.swift in Sources */ = {isa = PBXBuildFile; fileRef = D486C47429012EB400D6B0A0 /* CancelButton.swift */; };
		D486C47929013DBB00D6B0A0 /* NextButton.swift in Sources */ = {isa = PBXBuildFile; fileRef = D486C47829013DBB00D6B0A0 /* NextButton.swift */; };
		D486C47B29013FC200D6B0A0 /* BackButton.swift in Sources */ = {isa = PBXBuildFile; fileRef = D486C47A29013FC200D6B0A0 /* BackButton.swift */; };
		D4A3729B29011A79007A5297 /* CustomCalenderCell.swift in Sources */ = {isa = PBXBuildFile; fileRef = D4A3729329011A79007A5297 /* CustomCalenderCell.swift */; };
		D4A3729C29011A79007A5297 /* VisualTagCalendarViewController.swift in Sources */ = {isa = PBXBuildFile; fileRef = D4A3729429011A79007A5297 /* VisualTagCalendarViewController.swift */; };
		D4A3729D29011A79007A5297 /* VisualTagMapViewController.swift in Sources */ = {isa = PBXBuildFile; fileRef = D4A3729629011A79007A5297 /* VisualTagMapViewController.swift */; };
		D4A3729E29011A79007A5297 /* VisualTagPeopleTargetViewController.swift in Sources */ = {isa = PBXBuildFile; fileRef = D4A3729829011A79007A5297 /* VisualTagPeopleTargetViewController.swift */; };
		D4A3729F29011A79007A5297 /* VisualTagPeopleRangeViewController.swift in Sources */ = {isa = PBXBuildFile; fileRef = D4A3729A29011A79007A5297 /* VisualTagPeopleRangeViewController.swift */; };
		D4A372A229011AB8007A5297 /* FSCalendar in Frameworks */ = {isa = PBXBuildFile; productRef = D4A372A129011AB8007A5297 /* FSCalendar */; };
		D4A372AF29063C8A007A5297 /* InfomationImageAndText.swift in Sources */ = {isa = PBXBuildFile; fileRef = D4A372AE29063C8A007A5297 /* InfomationImageAndText.swift */; };
		D4C95C4D28F5288F00992600 /* RequestViewController.swift in Sources */ = {isa = PBXBuildFile; fileRef = D4C95C4C28F5288F00992600 /* RequestViewController.swift */; };
		D4C95C4F28F528BA00992600 /* ChatViewController.swift in Sources */ = {isa = PBXBuildFile; fileRef = D4C95C4E28F528BA00992600 /* ChatViewController.swift */; };
		D4C95C5128F528CB00992600 /* MyPageViewController.swift in Sources */ = {isa = PBXBuildFile; fileRef = D4C95C5028F528CB00992600 /* MyPageViewController.swift */; };
		D4C95C5328F5294900992600 /* FavoriteViewController.swift in Sources */ = {isa = PBXBuildFile; fileRef = D4C95C5228F5294900992600 /* FavoriteViewController.swift */; };
		D4C95C5528F5296800992600 /* BirthdayCafeViewController.swift in Sources */ = {isa = PBXBuildFile; fileRef = D4C95C5428F5296800992600 /* BirthdayCafeViewController.swift */; };
		D4C95C5728F5437200992600 /* CafeDetailViewController.swift in Sources */ = {isa = PBXBuildFile; fileRef = D4C95C5628F5437200992600 /* CafeDetailViewController.swift */; };
		D4E950BC28EF48CA0066B711 /* AppDelegate.swift in Sources */ = {isa = PBXBuildFile; fileRef = D4E950BB28EF48CA0066B711 /* AppDelegate.swift */; };
		D4E950BE28EF48CA0066B711 /* SceneDelegate.swift in Sources */ = {isa = PBXBuildFile; fileRef = D4E950BD28EF48CA0066B711 /* SceneDelegate.swift */; };
		D4E950C028EF48CA0066B711 /* MainTabBarViewController.swift in Sources */ = {isa = PBXBuildFile; fileRef = D4E950BF28EF48CA0066B711 /* MainTabBarViewController.swift */; };
		D4E950C528EF48CB0066B711 /* Assets.xcassets in Resources */ = {isa = PBXBuildFile; fileRef = D4E950C428EF48CB0066B711 /* Assets.xcassets */; };
		D4E950C828EF48CB0066B711 /* LaunchScreen.storyboard in Resources */ = {isa = PBXBuildFile; fileRef = D4E950C628EF48CB0066B711 /* LaunchScreen.storyboard */; };
/* End PBXBuildFile section */

/* Begin PBXFileReference section */
		BF5F8AAD28FE736D00CF9E3A /* CafeInfo.swift */ = {isa = PBXFileReference; lastKnownFileType = sourcecode.swift; path = CafeInfo.swift; sourceTree = "<group>"; };
		BF5F8AAF28FE73AE00CF9E3A /* DummyData.json */ = {isa = PBXFileReference; lastKnownFileType = text.json; path = DummyData.json; sourceTree = "<group>"; };
		BF5F8AB128FE74A400CF9E3A /* MockParser.swift */ = {isa = PBXFileReference; lastKnownFileType = sourcecode.swift; path = MockParser.swift; sourceTree = "<group>"; };
		BF5F8AB428FE868E00CF9E3A /* MyHeaderView.swift */ = {isa = PBXFileReference; lastKnownFileType = sourcecode.swift; path = MyHeaderView.swift; sourceTree = "<group>"; };
		BF5F8AB628FE877200CF9E3A /* PopularCafeTableViewCell.swift */ = {isa = PBXFileReference; lastKnownFileType = sourcecode.swift; path = PopularCafeTableViewCell.swift; sourceTree = "<group>"; };
		BF5F8AB828FE878F00CF9E3A /* RecentCafeTableViewCell.swift */ = {isa = PBXFileReference; lastKnownFileType = sourcecode.swift; path = RecentCafeTableViewCell.swift; sourceTree = "<group>"; };
		BF5F8ABA28FE881400CF9E3A /* RecentCafeCollectionViewCell.swift */ = {isa = PBXFileReference; lastKnownFileType = sourcecode.swift; path = RecentCafeCollectionViewCell.swift; sourceTree = "<group>"; };
		BF5F8ABC28FEC88700CF9E3A /* SearchListViewController.swift */ = {isa = PBXFileReference; lastKnownFileType = sourcecode.swift; path = SearchListViewController.swift; sourceTree = "<group>"; };
		BF5F8ABE28FEC8E700CF9E3A /* CustomButtonView.swift */ = {isa = PBXFileReference; lastKnownFileType = sourcecode.swift; path = CustomButtonView.swift; sourceTree = "<group>"; };
		BF5F8AC028FEC91300CF9E3A /* ResultCollectionViewCell.swift */ = {isa = PBXFileReference; lastKnownFileType = sourcecode.swift; path = ResultCollectionViewCell.swift; sourceTree = "<group>"; };
		BF5F8AC628FECF5800CF9E3A /* ColorExtension.swift */ = {isa = PBXFileReference; lastKnownFileType = sourcecode.swift; path = ColorExtension.swift; sourceTree = "<group>"; };
		BFB9B11828FFDA460056626C /* GradientExtension.swift */ = {isa = PBXFileReference; lastKnownFileType = sourcecode.swift; path = GradientExtension.swift; sourceTree = "<group>"; };
		BFB9B11E29003F110056626C /* FontExtension.swift */ = {isa = PBXFileReference; lastKnownFileType = sourcecode.swift; path = FontExtension.swift; sourceTree = "<group>"; };
		BFB9B1212900415E0056626C /* Pretendard-SemiBold.otf */ = {isa = PBXFileReference; lastKnownFileType = file; path = "Pretendard-SemiBold.otf"; sourceTree = "<group>"; };
		BFB9B1232900416A0056626C /* Pretendard-Bold.otf */ = {isa = PBXFileReference; lastKnownFileType = file; path = "Pretendard-Bold.otf"; sourceTree = "<group>"; };
		BFB9B125290041790056626C /* Pretendard-Medium.otf */ = {isa = PBXFileReference; lastKnownFileType = file; path = "Pretendard-Medium.otf"; sourceTree = "<group>"; };
		BFB9B127290041810056626C /* Pretendard-Regular.otf */ = {isa = PBXFileReference; lastKnownFileType = file; path = "Pretendard-Regular.otf"; sourceTree = "<group>"; };
		BFB9B129290041A30056626C /* esamanru OTF Bold.otf */ = {isa = PBXFileReference; lastKnownFileType = file; path = "esamanru OTF Bold.otf"; sourceTree = "<group>"; };
		BFB9B12B290046BB0056626C /* PaddingExtension.swift */ = {isa = PBXFileReference; lastKnownFileType = sourcecode.swift; path = PaddingExtension.swift; sourceTree = "<group>"; };
		D454704328FD1A9F00CFDB25 /* CustomSegmentControl.swift */ = {isa = PBXFileReference; lastKnownFileType = sourcecode.swift; path = CustomSegmentControl.swift; sourceTree = "<group>"; };
		D454704728FDA72B00CFDB25 /* DetailInfomationViewController.swift */ = {isa = PBXFileReference; lastKnownFileType = sourcecode.swift; path = DetailInfomationViewController.swift; sourceTree = "<group>"; };
		D454704928FDA79200CFDB25 /* CafeReviewViewController.swift */ = {isa = PBXFileReference; lastKnownFileType = sourcecode.swift; path = CafeReviewViewController.swift; sourceTree = "<group>"; };
		D486C47429012EB400D6B0A0 /* CancelButton.swift */ = {isa = PBXFileReference; lastKnownFileType = sourcecode.swift; path = CancelButton.swift; sourceTree = "<group>"; };
		D486C47829013DBB00D6B0A0 /* NextButton.swift */ = {isa = PBXFileReference; lastKnownFileType = sourcecode.swift; path = NextButton.swift; sourceTree = "<group>"; };
		D486C47A29013FC200D6B0A0 /* BackButton.swift */ = {isa = PBXFileReference; lastKnownFileType = sourcecode.swift; path = BackButton.swift; sourceTree = "<group>"; };
		D4A3729329011A79007A5297 /* CustomCalenderCell.swift */ = {isa = PBXFileReference; fileEncoding = 4; lastKnownFileType = sourcecode.swift; path = CustomCalenderCell.swift; sourceTree = "<group>"; };
		D4A3729429011A79007A5297 /* VisualTagCalendarViewController.swift */ = {isa = PBXFileReference; fileEncoding = 4; lastKnownFileType = sourcecode.swift; path = VisualTagCalendarViewController.swift; sourceTree = "<group>"; };
		D4A3729629011A79007A5297 /* VisualTagMapViewController.swift */ = {isa = PBXFileReference; fileEncoding = 4; lastKnownFileType = sourcecode.swift; path = VisualTagMapViewController.swift; sourceTree = "<group>"; };
		D4A3729829011A79007A5297 /* VisualTagPeopleTargetViewController.swift */ = {isa = PBXFileReference; fileEncoding = 4; lastKnownFileType = sourcecode.swift; path = VisualTagPeopleTargetViewController.swift; sourceTree = "<group>"; };
		D4A3729A29011A79007A5297 /* VisualTagPeopleRangeViewController.swift */ = {isa = PBXFileReference; fileEncoding = 4; lastKnownFileType = sourcecode.swift; path = VisualTagPeopleRangeViewController.swift; sourceTree = "<group>"; };
		D4A372AE29063C8A007A5297 /* InfomationImageAndText.swift */ = {isa = PBXFileReference; lastKnownFileType = sourcecode.swift; path = InfomationImageAndText.swift; sourceTree = "<group>"; };
		D4C95C4C28F5288F00992600 /* RequestViewController.swift */ = {isa = PBXFileReference; lastKnownFileType = sourcecode.swift; path = RequestViewController.swift; sourceTree = "<group>"; };
		D4C95C4E28F528BA00992600 /* ChatViewController.swift */ = {isa = PBXFileReference; lastKnownFileType = sourcecode.swift; path = ChatViewController.swift; sourceTree = "<group>"; };
		D4C95C5028F528CB00992600 /* MyPageViewController.swift */ = {isa = PBXFileReference; lastKnownFileType = sourcecode.swift; path = MyPageViewController.swift; sourceTree = "<group>"; };
		D4C95C5228F5294900992600 /* FavoriteViewController.swift */ = {isa = PBXFileReference; lastKnownFileType = sourcecode.swift; path = FavoriteViewController.swift; sourceTree = "<group>"; };
		D4C95C5428F5296800992600 /* BirthdayCafeViewController.swift */ = {isa = PBXFileReference; lastKnownFileType = sourcecode.swift; path = BirthdayCafeViewController.swift; sourceTree = "<group>"; };
		D4C95C5628F5437200992600 /* CafeDetailViewController.swift */ = {isa = PBXFileReference; lastKnownFileType = sourcecode.swift; path = CafeDetailViewController.swift; sourceTree = "<group>"; };
		D4E950B828EF48CA0066B711 /* Spacer.app */ = {isa = PBXFileReference; explicitFileType = wrapper.application; includeInIndex = 0; path = Spacer.app; sourceTree = BUILT_PRODUCTS_DIR; };
		D4E950BB28EF48CA0066B711 /* AppDelegate.swift */ = {isa = PBXFileReference; lastKnownFileType = sourcecode.swift; path = AppDelegate.swift; sourceTree = "<group>"; };
		D4E950BD28EF48CA0066B711 /* SceneDelegate.swift */ = {isa = PBXFileReference; lastKnownFileType = sourcecode.swift; path = SceneDelegate.swift; sourceTree = "<group>"; };
		D4E950BF28EF48CA0066B711 /* MainTabBarViewController.swift */ = {isa = PBXFileReference; lastKnownFileType = sourcecode.swift; path = MainTabBarViewController.swift; sourceTree = "<group>"; };
		D4E950C428EF48CB0066B711 /* Assets.xcassets */ = {isa = PBXFileReference; lastKnownFileType = folder.assetcatalog; path = Assets.xcassets; sourceTree = "<group>"; };
		D4E950C728EF48CB0066B711 /* Base */ = {isa = PBXFileReference; lastKnownFileType = file.storyboard; name = Base; path = Base.lproj/LaunchScreen.storyboard; sourceTree = "<group>"; };
		D4E950C928EF48CB0066B711 /* Info.plist */ = {isa = PBXFileReference; lastKnownFileType = text.plist.xml; path = Info.plist; sourceTree = "<group>"; };
/* End PBXFileReference section */

/* Begin PBXFrameworksBuildPhase section */
		D4E950B528EF48CA0066B711 /* Frameworks */ = {
			isa = PBXFrameworksBuildPhase;
			buildActionMask = 2147483647;
			files = (
				D4A372A229011AB8007A5297 /* FSCalendar in Frameworks */,
			);
			runOnlyForDeploymentPostprocessing = 0;
		};
/* End PBXFrameworksBuildPhase section */

/* Begin PBXGroup section */
		BF5F8AAC28FE735000CF9E3A /* Model */ = {
			isa = PBXGroup;
			children = (
				BF5F8AAD28FE736D00CF9E3A /* CafeInfo.swift */,
				BF5F8AAF28FE73AE00CF9E3A /* DummyData.json */,
				BF5F8AB128FE74A400CF9E3A /* MockParser.swift */,
			);
			path = Model;
			sourceTree = "<group>";
		};
		BFB9B120290040F50056626C /* Fonts */ = {
			isa = PBXGroup;
			children = (
				BFB9B129290041A30056626C /* esamanru OTF Bold.otf */,
				BFB9B1212900415E0056626C /* Pretendard-SemiBold.otf */,
				BFB9B1232900416A0056626C /* Pretendard-Bold.otf */,
				BFB9B125290041790056626C /* Pretendard-Medium.otf */,
				BFB9B127290041810056626C /* Pretendard-Regular.otf */,
			);
			path = Fonts;
			sourceTree = "<group>";
		};
		BFD1380D29014A8E004E6726 /* Extensions */ = {
			isa = PBXGroup;
			children = (
				BF5F8AC628FECF5800CF9E3A /* ColorExtension.swift */,
				BFB9B11E29003F110056626C /* FontExtension.swift */,
				BFB9B12B290046BB0056626C /* PaddingExtension.swift */,
				BFB9B11828FFDA460056626C /* GradientExtension.swift */,
			);
			path = Extensions;
			sourceTree = "<group>";
		};
		BFD1380E29014B80004E6726 /* Cores */ = {
			isa = PBXGroup;
			children = (
				D4E950BB28EF48CA0066B711 /* AppDelegate.swift */,
				D4E950BD28EF48CA0066B711 /* SceneDelegate.swift */,
				D4E950BF28EF48CA0066B711 /* MainTabBarViewController.swift */,
				BFD1380F29014C88004E6726 /* BirthdayCafeView */,
				BFD1381029014CC8004E6726 /* RequestView */,
				BFD1381129014CE4004E6726 /* ChatView */,
				BFD1381229014CEE004E6726 /* MyPageView */,
			);
			path = Cores;
			sourceTree = "<group>";
		};
		BFD1380F29014C88004E6726 /* BirthdayCafeView */ = {
			isa = PBXGroup;
			children = (
				D4C95C5428F5296800992600 /* BirthdayCafeViewController.swift */,
				BF5F8AB428FE868E00CF9E3A /* MyHeaderView.swift */,
				BF5F8AB628FE877200CF9E3A /* PopularCafeTableViewCell.swift */,
				BF5F8AB828FE878F00CF9E3A /* RecentCafeTableViewCell.swift */,
				BF5F8ABA28FE881400CF9E3A /* RecentCafeCollectionViewCell.swift */,
			);
			path = BirthdayCafeView;
			sourceTree = "<group>";
		};
		BFD1381029014CC8004E6726 /* RequestView */ = {
			isa = PBXGroup;
			children = (
				D4C95C4C28F5288F00992600 /* RequestViewController.swift */,
			);
			path = RequestView;
			sourceTree = "<group>";
		};
		BFD1381129014CE4004E6726 /* ChatView */ = {
			isa = PBXGroup;
			children = (
				D4C95C4E28F528BA00992600 /* ChatViewController.swift */,
			);
			path = ChatView;
			sourceTree = "<group>";
		};
		BFD1381229014CEE004E6726 /* MyPageView */ = {
			isa = PBXGroup;
			children = (
				D4C95C5028F528CB00992600 /* MyPageViewController.swift */,
			);
			path = MyPageView;
			sourceTree = "<group>";
		};
		BFD1381329014D7E004E6726 /* Views */ = {
			isa = PBXGroup;
			children = (
				BFD1381629014E0A004E6726 /* CafeDetailView */,
				BFD1381529014DCF004E6726 /* SearchListView */,
				D4A3729029011A79007A5297 /* VisualTagView */,
				BFD1381729014EAA004E6726 /* FavoriteView */,
			);
			path = Views;
			sourceTree = "<group>";
		};
		BFD1381429014DAF004E6726 /* Buttons */ = {
			isa = PBXGroup;
			children = (
				D486C47429012EB400D6B0A0 /* CancelButton.swift */,
				D486C47829013DBB00D6B0A0 /* NextButton.swift */,
				D486C47A29013FC200D6B0A0 /* BackButton.swift */,
			);
			path = Buttons;
			sourceTree = "<group>";
		};
		BFD1381529014DCF004E6726 /* SearchListView */ = {
			isa = PBXGroup;
			children = (
				BF5F8ABC28FEC88700CF9E3A /* SearchListViewController.swift */,
				BF5F8AC028FEC91300CF9E3A /* ResultCollectionViewCell.swift */,
				BF5F8ABE28FEC8E700CF9E3A /* CustomButtonView.swift */,
			);
			path = SearchListView;
			sourceTree = "<group>";
		};
		BFD1381629014E0A004E6726 /* CafeDetailView */ = {
			isa = PBXGroup;
			children = (
				D4C95C5628F5437200992600 /* CafeDetailViewController.swift */,
				D454704728FDA72B00CFDB25 /* DetailInfomationViewController.swift */,
				D454704928FDA79200CFDB25 /* CafeReviewViewController.swift */,
				D454704328FD1A9F00CFDB25 /* CustomSegmentControl.swift */,
				D4A372AE29063C8A007A5297 /* InfomationImageAndText.swift */,
			);
			path = CafeDetailView;
			sourceTree = "<group>";
		};
		BFD1381729014EAA004E6726 /* FavoriteView */ = {
			isa = PBXGroup;
			children = (
				D4C95C5228F5294900992600 /* FavoriteViewController.swift */,
			);
			path = FavoriteView;
			sourceTree = "<group>";
		};
		D4A3729029011A79007A5297 /* VisualTagView */ = {
			isa = PBXGroup;
			children = (
				D4A3729129011A79007A5297 /* Calendar */,
				D4A3729529011A79007A5297 /* Map */,
				D4A3729729011A79007A5297 /* PeopleTarget */,
				D4A3729929011A79007A5297 /* PeopleRange */,
				BFD1381429014DAF004E6726 /* Buttons */,
			);
			path = VisualTagView;
			sourceTree = "<group>";
		};
		D4A3729129011A79007A5297 /* Calendar */ = {
			isa = PBXGroup;
			children = (
				D4A3729229011A79007A5297 /* CalenderCell */,
				D4A3729429011A79007A5297 /* VisualTagCalendarViewController.swift */,
			);
			path = Calendar;
			sourceTree = "<group>";
		};
		D4A3729229011A79007A5297 /* CalenderCell */ = {
			isa = PBXGroup;
			children = (
				D4A3729329011A79007A5297 /* CustomCalenderCell.swift */,
			);
			path = CalenderCell;
			sourceTree = "<group>";
		};
		D4A3729529011A79007A5297 /* Map */ = {
			isa = PBXGroup;
			children = (
				D4A3729629011A79007A5297 /* VisualTagMapViewController.swift */,
			);
			path = Map;
			sourceTree = "<group>";
		};
		D4A3729729011A79007A5297 /* PeopleTarget */ = {
			isa = PBXGroup;
			children = (
				D4A3729829011A79007A5297 /* VisualTagPeopleTargetViewController.swift */,
			);
			path = PeopleTarget;
			sourceTree = "<group>";
		};
		D4A3729929011A79007A5297 /* PeopleRange */ = {
			isa = PBXGroup;
			children = (
				D4A3729A29011A79007A5297 /* VisualTagPeopleRangeViewController.swift */,
			);
			path = PeopleRange;
			sourceTree = "<group>";
		};
		D4E950AF28EF48CA0066B711 = {
			isa = PBXGroup;
			children = (
				D4E950BA28EF48CA0066B711 /* Spacer */,
				D4E950B928EF48CA0066B711 /* Products */,
			);
			sourceTree = "<group>";
		};
		D4E950B928EF48CA0066B711 /* Products */ = {
			isa = PBXGroup;
			children = (
				D4E950B828EF48CA0066B711 /* Spacer.app */,
			);
			name = Products;
			sourceTree = "<group>";
		};
		D4E950BA28EF48CA0066B711 /* Spacer */ = {
			isa = PBXGroup;
			children = (
				BFD1380E29014B80004E6726 /* Cores */,
				BFD1381329014D7E004E6726 /* Views */,
				BFD1380D29014A8E004E6726 /* Extensions */,
				BF5F8AAC28FE735000CF9E3A /* Model */,
				BFB9B120290040F50056626C /* Fonts */,
				D4E950C428EF48CB0066B711 /* Assets.xcassets */,
				D4E950C628EF48CB0066B711 /* LaunchScreen.storyboard */,
				D4E950C928EF48CB0066B711 /* Info.plist */,
			);
			path = Spacer;
			sourceTree = "<group>";
		};
/* End PBXGroup section */

/* Begin PBXNativeTarget section */
		D4E950B728EF48CA0066B711 /* Spacer */ = {
			isa = PBXNativeTarget;
			buildConfigurationList = D4E950CC28EF48CB0066B711 /* Build configuration list for PBXNativeTarget "Spacer" */;
			buildPhases = (
				D4E950B428EF48CA0066B711 /* Sources */,
				D4E950B528EF48CA0066B711 /* Frameworks */,
				D4E950B628EF48CA0066B711 /* Resources */,
			);
			buildRules = (
			);
			dependencies = (
			);
			name = Spacer;
			packageProductDependencies = (
				D4A372A129011AB8007A5297 /* FSCalendar */,
			);
			productName = Spacer;
			productReference = D4E950B828EF48CA0066B711 /* Spacer.app */;
			productType = "com.apple.product-type.application";
		};
/* End PBXNativeTarget section */

/* Begin PBXProject section */
		D4E950B028EF48CA0066B711 /* Project object */ = {
			isa = PBXProject;
			attributes = {
				BuildIndependentTargetsInParallel = 1;
				LastSwiftUpdateCheck = 1340;
				LastUpgradeCheck = 1340;
				TargetAttributes = {
					D4E950B728EF48CA0066B711 = {
						CreatedOnToolsVersion = 13.4.1;
					};
				};
			};
			buildConfigurationList = D4E950B328EF48CA0066B711 /* Build configuration list for PBXProject "Spacer" */;
			compatibilityVersion = "Xcode 13.0";
			developmentRegion = en;
			hasScannedForEncodings = 0;
			knownRegions = (
				en,
				Base,
			);
			mainGroup = D4E950AF28EF48CA0066B711;
			packageReferences = (
				D4A372A029011AB8007A5297 /* XCRemoteSwiftPackageReference "FSCalendar" */,
			);
			productRefGroup = D4E950B928EF48CA0066B711 /* Products */;
			projectDirPath = "";
			projectRoot = "";
			targets = (
				D4E950B728EF48CA0066B711 /* Spacer */,
			);
		};
/* End PBXProject section */

/* Begin PBXResourcesBuildPhase section */
		D4E950B628EF48CA0066B711 /* Resources */ = {
			isa = PBXResourcesBuildPhase;
			buildActionMask = 2147483647;
			files = (
				BF5F8AB028FE73AE00CF9E3A /* DummyData.json in Resources */,
				BFB9B1242900416A0056626C /* Pretendard-Bold.otf in Resources */,
				BFB9B12A290041A30056626C /* esamanru OTF Bold.otf in Resources */,
				D4E950C828EF48CB0066B711 /* LaunchScreen.storyboard in Resources */,
				D4E950C528EF48CB0066B711 /* Assets.xcassets in Resources */,
				BFB9B128290041810056626C /* Pretendard-Regular.otf in Resources */,
				BFB9B1222900415E0056626C /* Pretendard-SemiBold.otf in Resources */,
				BFB9B126290041790056626C /* Pretendard-Medium.otf in Resources */,
			);
			runOnlyForDeploymentPostprocessing = 0;
		};
/* End PBXResourcesBuildPhase section */

/* Begin PBXSourcesBuildPhase section */
		D4E950B428EF48CA0066B711 /* Sources */ = {
			isa = PBXSourcesBuildPhase;
			buildActionMask = 2147483647;
			files = (
				D486C47B29013FC200D6B0A0 /* BackButton.swift in Sources */,
				D4A3729D29011A79007A5297 /* VisualTagMapViewController.swift in Sources */,
				D4C95C5528F5296800992600 /* BirthdayCafeViewController.swift in Sources */,
				D4E950C028EF48CA0066B711 /* MainTabBarViewController.swift in Sources */,
				BF5F8AB728FE877200CF9E3A /* PopularCafeTableViewCell.swift in Sources */,
				BF5F8AC728FECF5800CF9E3A /* ColorExtension.swift in Sources */,
				D486C47929013DBB00D6B0A0 /* NextButton.swift in Sources */,
				D486C47529012EB400D6B0A0 /* CancelButton.swift in Sources */,
				D4A3729B29011A79007A5297 /* CustomCalenderCell.swift in Sources */,
				BF5F8AC128FEC91300CF9E3A /* ResultCollectionViewCell.swift in Sources */,
				BF5F8ABF28FEC8E700CF9E3A /* CustomButtonView.swift in Sources */,
				BF5F8AAE28FE736D00CF9E3A /* CafeInfo.swift in Sources */,
				D4E950BC28EF48CA0066B711 /* AppDelegate.swift in Sources */,
				D454704428FD1A9F00CFDB25 /* CustomSegmentControl.swift in Sources */,
				D4C95C4D28F5288F00992600 /* RequestViewController.swift in Sources */,
				D454704828FDA72B00CFDB25 /* DetailInfomationViewController.swift in Sources */,
				D4C95C5328F5294900992600 /* FavoriteViewController.swift in Sources */,
				D4C95C4F28F528BA00992600 /* ChatViewController.swift in Sources */,
				D454704A28FDA79200CFDB25 /* CafeReviewViewController.swift in Sources */,
				D4A372AF29063C8A007A5297 /* InfomationImageAndText.swift in Sources */,
				BF5F8AB928FE878F00CF9E3A /* RecentCafeTableViewCell.swift in Sources */,
				BFB9B12C290046BB0056626C /* PaddingExtension.swift in Sources */,
				D4C95C4D28F5288F00992600 /* RequestViewController.swift in Sources */,
				BFB9B11F29003F110056626C /* FontExtension.swift in Sources */,
				BF5F8ABD28FEC88700CF9E3A /* SearchListViewController.swift in Sources */,
				D4C95C5328F5294900992600 /* FavoriteViewController.swift in Sources */,
				D4A3729C29011A79007A5297 /* VisualTagCalendarViewController.swift in Sources */,
				D4C95C4F28F528BA00992600 /* ChatViewController.swift in Sources */,
				BF5F8AB528FE868E00CF9E3A /* MyHeaderView.swift in Sources */,
				BFB9B11928FFDA460056626C /* GradientExtension.swift in Sources */,
				BF5F8ABB28FE881400CF9E3A /* RecentCafeCollectionViewCell.swift in Sources */,
				D4E950BE28EF48CA0066B711 /* SceneDelegate.swift in Sources */,
				BF5F8AB228FE74A400CF9E3A /* MockParser.swift in Sources */,
				D4C95C5128F528CB00992600 /* MyPageViewController.swift in Sources */,
				D4C95C5728F5437200992600 /* CafeDetailViewController.swift in Sources */,
				D4A3729E29011A79007A5297 /* VisualTagPeopleTargetViewController.swift in Sources */,
				D4A3729F29011A79007A5297 /* VisualTagPeopleRangeViewController.swift in Sources */,
			);
			runOnlyForDeploymentPostprocessing = 0;
		};
/* End PBXSourcesBuildPhase section */

/* Begin PBXVariantGroup section */
		D4E950C628EF48CB0066B711 /* LaunchScreen.storyboard */ = {
			isa = PBXVariantGroup;
			children = (
				D4E950C728EF48CB0066B711 /* Base */,
			);
			name = LaunchScreen.storyboard;
			sourceTree = "<group>";
		};
/* End PBXVariantGroup section */

/* Begin XCBuildConfiguration section */
		D4E950CA28EF48CB0066B711 /* Debug */ = {
			isa = XCBuildConfiguration;
			buildSettings = {
				ALWAYS_SEARCH_USER_PATHS = NO;
				CLANG_ANALYZER_NONNULL = YES;
				CLANG_ANALYZER_NUMBER_OBJECT_CONVERSION = YES_AGGRESSIVE;
				CLANG_CXX_LANGUAGE_STANDARD = "gnu++17";
				CLANG_ENABLE_MODULES = YES;
				CLANG_ENABLE_OBJC_ARC = YES;
				CLANG_ENABLE_OBJC_WEAK = YES;
				CLANG_WARN_BLOCK_CAPTURE_AUTORELEASING = YES;
				CLANG_WARN_BOOL_CONVERSION = YES;
				CLANG_WARN_COMMA = YES;
				CLANG_WARN_CONSTANT_CONVERSION = YES;
				CLANG_WARN_DEPRECATED_OBJC_IMPLEMENTATIONS = YES;
				CLANG_WARN_DIRECT_OBJC_ISA_USAGE = YES_ERROR;
				CLANG_WARN_DOCUMENTATION_COMMENTS = YES;
				CLANG_WARN_EMPTY_BODY = YES;
				CLANG_WARN_ENUM_CONVERSION = YES;
				CLANG_WARN_INFINITE_RECURSION = YES;
				CLANG_WARN_INT_CONVERSION = YES;
				CLANG_WARN_NON_LITERAL_NULL_CONVERSION = YES;
				CLANG_WARN_OBJC_IMPLICIT_RETAIN_SELF = YES;
				CLANG_WARN_OBJC_LITERAL_CONVERSION = YES;
				CLANG_WARN_OBJC_ROOT_CLASS = YES_ERROR;
				CLANG_WARN_QUOTED_INCLUDE_IN_FRAMEWORK_HEADER = YES;
				CLANG_WARN_RANGE_LOOP_ANALYSIS = YES;
				CLANG_WARN_STRICT_PROTOTYPES = YES;
				CLANG_WARN_SUSPICIOUS_MOVE = YES;
				CLANG_WARN_UNGUARDED_AVAILABILITY = YES_AGGRESSIVE;
				CLANG_WARN_UNREACHABLE_CODE = YES;
				CLANG_WARN__DUPLICATE_METHOD_MATCH = YES;
				COPY_PHASE_STRIP = NO;
				DEBUG_INFORMATION_FORMAT = dwarf;
				ENABLE_STRICT_OBJC_MSGSEND = YES;
				ENABLE_TESTABILITY = YES;
				GCC_C_LANGUAGE_STANDARD = gnu11;
				GCC_DYNAMIC_NO_PIC = NO;
				GCC_NO_COMMON_BLOCKS = YES;
				GCC_OPTIMIZATION_LEVEL = 0;
				GCC_PREPROCESSOR_DEFINITIONS = (
					"DEBUG=1",
					"$(inherited)",
				);
				GCC_WARN_64_TO_32_BIT_CONVERSION = YES;
				GCC_WARN_ABOUT_RETURN_TYPE = YES_ERROR;
				GCC_WARN_UNDECLARED_SELECTOR = YES;
				GCC_WARN_UNINITIALIZED_AUTOS = YES_AGGRESSIVE;
				GCC_WARN_UNUSED_FUNCTION = YES;
				GCC_WARN_UNUSED_VARIABLE = YES;
				IPHONEOS_DEPLOYMENT_TARGET = 15.0;
				MTL_ENABLE_DEBUG_INFO = INCLUDE_SOURCE;
				MTL_FAST_MATH = YES;
				ONLY_ACTIVE_ARCH = YES;
				SDKROOT = iphoneos;
				SWIFT_ACTIVE_COMPILATION_CONDITIONS = DEBUG;
				SWIFT_OPTIMIZATION_LEVEL = "-Onone";
			};
			name = Debug;
		};
		D4E950CB28EF48CB0066B711 /* Release */ = {
			isa = XCBuildConfiguration;
			buildSettings = {
				ALWAYS_SEARCH_USER_PATHS = NO;
				CLANG_ANALYZER_NONNULL = YES;
				CLANG_ANALYZER_NUMBER_OBJECT_CONVERSION = YES_AGGRESSIVE;
				CLANG_CXX_LANGUAGE_STANDARD = "gnu++17";
				CLANG_ENABLE_MODULES = YES;
				CLANG_ENABLE_OBJC_ARC = YES;
				CLANG_ENABLE_OBJC_WEAK = YES;
				CLANG_WARN_BLOCK_CAPTURE_AUTORELEASING = YES;
				CLANG_WARN_BOOL_CONVERSION = YES;
				CLANG_WARN_COMMA = YES;
				CLANG_WARN_CONSTANT_CONVERSION = YES;
				CLANG_WARN_DEPRECATED_OBJC_IMPLEMENTATIONS = YES;
				CLANG_WARN_DIRECT_OBJC_ISA_USAGE = YES_ERROR;
				CLANG_WARN_DOCUMENTATION_COMMENTS = YES;
				CLANG_WARN_EMPTY_BODY = YES;
				CLANG_WARN_ENUM_CONVERSION = YES;
				CLANG_WARN_INFINITE_RECURSION = YES;
				CLANG_WARN_INT_CONVERSION = YES;
				CLANG_WARN_NON_LITERAL_NULL_CONVERSION = YES;
				CLANG_WARN_OBJC_IMPLICIT_RETAIN_SELF = YES;
				CLANG_WARN_OBJC_LITERAL_CONVERSION = YES;
				CLANG_WARN_OBJC_ROOT_CLASS = YES_ERROR;
				CLANG_WARN_QUOTED_INCLUDE_IN_FRAMEWORK_HEADER = YES;
				CLANG_WARN_RANGE_LOOP_ANALYSIS = YES;
				CLANG_WARN_STRICT_PROTOTYPES = YES;
				CLANG_WARN_SUSPICIOUS_MOVE = YES;
				CLANG_WARN_UNGUARDED_AVAILABILITY = YES_AGGRESSIVE;
				CLANG_WARN_UNREACHABLE_CODE = YES;
				CLANG_WARN__DUPLICATE_METHOD_MATCH = YES;
				COPY_PHASE_STRIP = NO;
				DEBUG_INFORMATION_FORMAT = "dwarf-with-dsym";
				ENABLE_NS_ASSERTIONS = NO;
				ENABLE_STRICT_OBJC_MSGSEND = YES;
				GCC_C_LANGUAGE_STANDARD = gnu11;
				GCC_NO_COMMON_BLOCKS = YES;
				GCC_WARN_64_TO_32_BIT_CONVERSION = YES;
				GCC_WARN_ABOUT_RETURN_TYPE = YES_ERROR;
				GCC_WARN_UNDECLARED_SELECTOR = YES;
				GCC_WARN_UNINITIALIZED_AUTOS = YES_AGGRESSIVE;
				GCC_WARN_UNUSED_FUNCTION = YES;
				GCC_WARN_UNUSED_VARIABLE = YES;
				IPHONEOS_DEPLOYMENT_TARGET = 15.0;
				MTL_ENABLE_DEBUG_INFO = NO;
				MTL_FAST_MATH = YES;
				SDKROOT = iphoneos;
				SWIFT_COMPILATION_MODE = wholemodule;
				SWIFT_OPTIMIZATION_LEVEL = "-O";
				VALIDATE_PRODUCT = YES;
			};
			name = Release;
		};
		D4E950CD28EF48CB0066B711 /* Debug */ = {
			isa = XCBuildConfiguration;
			buildSettings = {
				ASSETCATALOG_COMPILER_APPICON_NAME = AppIcon;
				ASSETCATALOG_COMPILER_GLOBAL_ACCENT_COLOR_NAME = AccentColor;
				CODE_SIGN_IDENTITY = "iPhone Developer";
				CODE_SIGN_STYLE = Manual;
				CURRENT_PROJECT_VERSION = 1;
				DEVELOPMENT_TEAM = 378ZJRNNF8;
				GENERATE_INFOPLIST_FILE = YES;
				INFOPLIST_FILE = Spacer/Info.plist;
				INFOPLIST_KEY_UIApplicationSupportsIndirectInputEvents = YES;
				INFOPLIST_KEY_UILaunchStoryboardName = LaunchScreen;
				INFOPLIST_KEY_UISupportedInterfaceOrientations_iPad = "UIInterfaceOrientationPortrait UIInterfaceOrientationPortraitUpsideDown UIInterfaceOrientationLandscapeLeft UIInterfaceOrientationLandscapeRight";
				INFOPLIST_KEY_UISupportedInterfaceOrientations_iPhone = "UIInterfaceOrientationPortrait UIInterfaceOrientationLandscapeLeft UIInterfaceOrientationLandscapeRight";
				LD_RUNPATH_SEARCH_PATHS = (
					"$(inherited)",
					"@executable_path/Frameworks",
				);
				MARKETING_VERSION = 1.0;
				PRODUCT_BUNDLE_IDENTIFIER = com.Spacer.Spacer;
				PRODUCT_NAME = "$(TARGET_NAME)";
				PROVISIONING_PROFILE_SPECIFIER = Spacer_App_Devleopment;
				SWIFT_EMIT_LOC_STRINGS = YES;
				SWIFT_VERSION = 5.0;
				TARGETED_DEVICE_FAMILY = 1;
			};
			name = Debug;
		};
		D4E950CE28EF48CB0066B711 /* Release */ = {
			isa = XCBuildConfiguration;
			buildSettings = {
				ASSETCATALOG_COMPILER_APPICON_NAME = AppIcon;
				ASSETCATALOG_COMPILER_GLOBAL_ACCENT_COLOR_NAME = AccentColor;
				CODE_SIGN_IDENTITY = "iPhone Distribution";
				CODE_SIGN_STYLE = Manual;
				CURRENT_PROJECT_VERSION = 1;
				DEVELOPMENT_TEAM = 378ZJRNNF8;
				GENERATE_INFOPLIST_FILE = YES;
				INFOPLIST_FILE = Spacer/Info.plist;
				INFOPLIST_KEY_UIApplicationSupportsIndirectInputEvents = YES;
				INFOPLIST_KEY_UILaunchStoryboardName = LaunchScreen;
				INFOPLIST_KEY_UISupportedInterfaceOrientations_iPad = "UIInterfaceOrientationPortrait UIInterfaceOrientationPortraitUpsideDown UIInterfaceOrientationLandscapeLeft UIInterfaceOrientationLandscapeRight";
				INFOPLIST_KEY_UISupportedInterfaceOrientations_iPhone = "UIInterfaceOrientationPortrait UIInterfaceOrientationLandscapeLeft UIInterfaceOrientationLandscapeRight";
				LD_RUNPATH_SEARCH_PATHS = (
					"$(inherited)",
					"@executable_path/Frameworks",
				);
				MARKETING_VERSION = 1.0;
				PRODUCT_BUNDLE_IDENTIFIER = com.Spacer.Spacer;
				PRODUCT_NAME = "$(TARGET_NAME)";
				PROVISIONING_PROFILE_SPECIFIER = Spacer_App_Distribution;
				SWIFT_EMIT_LOC_STRINGS = YES;
				SWIFT_VERSION = 5.0;
				TARGETED_DEVICE_FAMILY = 1;
			};
			name = Release;
		};
/* End XCBuildConfiguration section */

/* Begin XCConfigurationList section */
		D4E950B328EF48CA0066B711 /* Build configuration list for PBXProject "Spacer" */ = {
			isa = XCConfigurationList;
			buildConfigurations = (
				D4E950CA28EF48CB0066B711 /* Debug */,
				D4E950CB28EF48CB0066B711 /* Release */,
			);
			defaultConfigurationIsVisible = 0;
			defaultConfigurationName = Release;
		};
		D4E950CC28EF48CB0066B711 /* Build configuration list for PBXNativeTarget "Spacer" */ = {
			isa = XCConfigurationList;
			buildConfigurations = (
				D4E950CD28EF48CB0066B711 /* Debug */,
				D4E950CE28EF48CB0066B711 /* Release */,
			);
			defaultConfigurationIsVisible = 0;
			defaultConfigurationName = Release;
		};
/* End XCConfigurationList section */

/* Begin XCRemoteSwiftPackageReference section */
		D4A372A029011AB8007A5297 /* XCRemoteSwiftPackageReference "FSCalendar" */ = {
			isa = XCRemoteSwiftPackageReference;
			repositoryURL = "https://github.com/WenchaoD/FSCalendar";
			requirement = {
				kind = exactVersion;
				version = 2.8.4;
			};
		};
/* End XCRemoteSwiftPackageReference section */

/* Begin XCSwiftPackageProductDependency section */
		D4A372A129011AB8007A5297 /* FSCalendar */ = {
			isa = XCSwiftPackageProductDependency;
			package = D4A372A029011AB8007A5297 /* XCRemoteSwiftPackageReference "FSCalendar" */;
			productName = FSCalendar;
		};
/* End XCSwiftPackageProductDependency section */
	};
	rootObject = D4E950B028EF48CA0066B711 /* Project object */;
}
