// !$*UTF8*$!
{
	archiveVersion = 1;
	classes = {
	};
	objectVersion = 55;
	objects = {

/* Begin PBXBuildFile section */
		D4049DC528F542AB007E442E /* VisualTagCalendarViewController.swift in Sources */ = {isa = PBXBuildFile; fileRef = D4049DC428F542AB007E442E /* VisualTagCalendarViewController.swift */; };
		D4049DC728F548DC007E442E /* VisualTagMapView.swift in Sources */ = {isa = PBXBuildFile; fileRef = D4049DC628F548DC007E442E /* VisualTagMapView.swift */; };
		D4049DCD28F5581B007E442E /* VisualTagPeopleTargetView.swift in Sources */ = {isa = PBXBuildFile; fileRef = D4049DCC28F5581A007E442E /* VisualTagPeopleTargetView.swift */; };
		D47BC1A628F9487400B752F4 /* FSCalendar in Frameworks */ = {isa = PBXBuildFile; productRef = D47BC1A528F9487400B752F4 /* FSCalendar */; };
		D49C72C828FBE2ED00A5D8F7 /* VisualTagPeopleRangeView.swift in Sources */ = {isa = PBXBuildFile; fileRef = D49C72C728FBE2ED00A5D8F7 /* VisualTagPeopleRangeView.swift */; };
		D4C95C4D28F5288F00992600 /* RequestViewController.swift in Sources */ = {isa = PBXBuildFile; fileRef = D4C95C4C28F5288F00992600 /* RequestViewController.swift */; };
		D4C95C4F28F528BA00992600 /* ChatViewController.swift in Sources */ = {isa = PBXBuildFile; fileRef = D4C95C4E28F528BA00992600 /* ChatViewController.swift */; };
		D4C95C5128F528CB00992600 /* MyPageViewController.swift in Sources */ = {isa = PBXBuildFile; fileRef = D4C95C5028F528CB00992600 /* MyPageViewController.swift */; };
		D4C95C5328F5294900992600 /* FavoriteViewController.swift in Sources */ = {isa = PBXBuildFile; fileRef = D4C95C5228F5294900992600 /* FavoriteViewController.swift */; };
		D4C95C5528F5296800992600 /* BirthdayCafeViewController.swift in Sources */ = {isa = PBXBuildFile; fileRef = D4C95C5428F5296800992600 /* BirthdayCafeViewController.swift */; };
		D4E950BC28EF48CA0066B711 /* AppDelegate.swift in Sources */ = {isa = PBXBuildFile; fileRef = D4E950BB28EF48CA0066B711 /* AppDelegate.swift */; };
		D4E950BE28EF48CA0066B711 /* SceneDelegate.swift in Sources */ = {isa = PBXBuildFile; fileRef = D4E950BD28EF48CA0066B711 /* SceneDelegate.swift */; };
		D4E950C028EF48CA0066B711 /* MainTabBarViewController.swift in Sources */ = {isa = PBXBuildFile; fileRef = D4E950BF28EF48CA0066B711 /* MainTabBarViewController.swift */; };
		D4E950C528EF48CB0066B711 /* Assets.xcassets in Resources */ = {isa = PBXBuildFile; fileRef = D4E950C428EF48CB0066B711 /* Assets.xcassets */; };
		D4E950C828EF48CB0066B711 /* LaunchScreen.storyboard in Resources */ = {isa = PBXBuildFile; fileRef = D4E950C628EF48CB0066B711 /* LaunchScreen.storyboard */; };
		D4FAA00328FC87D600C6A0BA /* CustomCalenderCell.swift in Sources */ = {isa = PBXBuildFile; fileRef = D4FAA00228FC87D600C6A0BA /* CustomCalenderCell.swift */; };
		D4FAA00D28FC978C00C6A0BA /* Pretendard-ExtraBold.otf in Resources */ = {isa = PBXBuildFile; fileRef = D4FAA00428FC978C00C6A0BA /* Pretendard-ExtraBold.otf */; };
		D4FAA00E28FC978C00C6A0BA /* Pretendard-Medium.otf in Resources */ = {isa = PBXBuildFile; fileRef = D4FAA00528FC978C00C6A0BA /* Pretendard-Medium.otf */; };
		D4FAA00F28FC978C00C6A0BA /* Pretendard-Bold.otf in Resources */ = {isa = PBXBuildFile; fileRef = D4FAA00628FC978C00C6A0BA /* Pretendard-Bold.otf */; };
		D4FAA01028FC978C00C6A0BA /* Pretendard-Regular.otf in Resources */ = {isa = PBXBuildFile; fileRef = D4FAA00728FC978C00C6A0BA /* Pretendard-Regular.otf */; };
		D4FAA01128FC978C00C6A0BA /* Pretendard-Black.otf in Resources */ = {isa = PBXBuildFile; fileRef = D4FAA00828FC978C00C6A0BA /* Pretendard-Black.otf */; };
		D4FAA01228FC978C00C6A0BA /* Pretendard-SemiBold.otf in Resources */ = {isa = PBXBuildFile; fileRef = D4FAA00928FC978C00C6A0BA /* Pretendard-SemiBold.otf */; };
		D4FAA01328FC978C00C6A0BA /* Pretendard-ExtraLight.otf in Resources */ = {isa = PBXBuildFile; fileRef = D4FAA00A28FC978C00C6A0BA /* Pretendard-ExtraLight.otf */; };
		D4FAA01428FC978C00C6A0BA /* Pretendard-Light.otf in Resources */ = {isa = PBXBuildFile; fileRef = D4FAA00B28FC978C00C6A0BA /* Pretendard-Light.otf */; };
		D4FAA01528FC978C00C6A0BA /* Pretendard-Thin.otf in Resources */ = {isa = PBXBuildFile; fileRef = D4FAA00C28FC978C00C6A0BA /* Pretendard-Thin.otf */; };
/* End PBXBuildFile section */

/* Begin PBXFileReference section */
		D4049DC428F542AB007E442E /* VisualTagCalendarViewController.swift */ = {isa = PBXFileReference; lastKnownFileType = sourcecode.swift; path = VisualTagCalendarViewController.swift; sourceTree = "<group>"; };
		D4049DC628F548DC007E442E /* VisualTagMapView.swift */ = {isa = PBXFileReference; lastKnownFileType = sourcecode.swift; path = VisualTagMapView.swift; sourceTree = "<group>"; };
		D4049DCC28F5581A007E442E /* VisualTagPeopleTargetView.swift */ = {isa = PBXFileReference; lastKnownFileType = sourcecode.swift; path = VisualTagPeopleTargetView.swift; sourceTree = "<group>"; };
		D46BB76728F94ACC004719B6 /* Spacer.app */ = {isa = PBXFileReference; explicitFileType = wrapper.application; includeInIndex = 0; path = Spacer.app; sourceTree = BUILT_PRODUCTS_DIR; };
		D49C72C728FBE2ED00A5D8F7 /* VisualTagPeopleRangeView.swift */ = {isa = PBXFileReference; lastKnownFileType = sourcecode.swift; path = VisualTagPeopleRangeView.swift; sourceTree = "<group>"; };
		D4C95C4C28F5288F00992600 /* RequestViewController.swift */ = {isa = PBXFileReference; lastKnownFileType = sourcecode.swift; path = RequestViewController.swift; sourceTree = "<group>"; };
		D4C95C4E28F528BA00992600 /* ChatViewController.swift */ = {isa = PBXFileReference; lastKnownFileType = sourcecode.swift; path = ChatViewController.swift; sourceTree = "<group>"; };
		D4C95C5028F528CB00992600 /* MyPageViewController.swift */ = {isa = PBXFileReference; lastKnownFileType = sourcecode.swift; path = MyPageViewController.swift; sourceTree = "<group>"; };
		D4C95C5228F5294900992600 /* FavoriteViewController.swift */ = {isa = PBXFileReference; lastKnownFileType = sourcecode.swift; path = FavoriteViewController.swift; sourceTree = "<group>"; };
		D4C95C5428F5296800992600 /* BirthdayCafeViewController.swift */ = {isa = PBXFileReference; lastKnownFileType = sourcecode.swift; path = BirthdayCafeViewController.swift; sourceTree = "<group>"; };
		D4E950BB28EF48CA0066B711 /* AppDelegate.swift */ = {isa = PBXFileReference; lastKnownFileType = sourcecode.swift; path = AppDelegate.swift; sourceTree = "<group>"; };
		D4E950BD28EF48CA0066B711 /* SceneDelegate.swift */ = {isa = PBXFileReference; lastKnownFileType = sourcecode.swift; path = SceneDelegate.swift; sourceTree = "<group>"; };
		D4E950BF28EF48CA0066B711 /* MainTabBarViewController.swift */ = {isa = PBXFileReference; lastKnownFileType = sourcecode.swift; path = MainTabBarViewController.swift; sourceTree = "<group>"; };
		D4E950C428EF48CB0066B711 /* Assets.xcassets */ = {isa = PBXFileReference; lastKnownFileType = folder.assetcatalog; path = Assets.xcassets; sourceTree = "<group>"; };
		D4E950C728EF48CB0066B711 /* Base */ = {isa = PBXFileReference; lastKnownFileType = file.storyboard; name = Base; path = Base.lproj/LaunchScreen.storyboard; sourceTree = "<group>"; };
		D4E950C928EF48CB0066B711 /* Info.plist */ = {isa = PBXFileReference; lastKnownFileType = text.plist.xml; path = Info.plist; sourceTree = "<group>"; };
		D4FAA00228FC87D600C6A0BA /* CustomCalenderCell.swift */ = {isa = PBXFileReference; lastKnownFileType = sourcecode.swift; path = CustomCalenderCell.swift; sourceTree = "<group>"; };
		D4FAA00428FC978C00C6A0BA /* Pretendard-ExtraBold.otf */ = {isa = PBXFileReference; lastKnownFileType = file; path = "Pretendard-ExtraBold.otf"; sourceTree = "<group>"; };
		D4FAA00528FC978C00C6A0BA /* Pretendard-Medium.otf */ = {isa = PBXFileReference; lastKnownFileType = file; path = "Pretendard-Medium.otf"; sourceTree = "<group>"; };
		D4FAA00628FC978C00C6A0BA /* Pretendard-Bold.otf */ = {isa = PBXFileReference; lastKnownFileType = file; path = "Pretendard-Bold.otf"; sourceTree = "<group>"; };
		D4FAA00728FC978C00C6A0BA /* Pretendard-Regular.otf */ = {isa = PBXFileReference; lastKnownFileType = file; path = "Pretendard-Regular.otf"; sourceTree = "<group>"; };
		D4FAA00828FC978C00C6A0BA /* Pretendard-Black.otf */ = {isa = PBXFileReference; lastKnownFileType = file; path = "Pretendard-Black.otf"; sourceTree = "<group>"; };
		D4FAA00928FC978C00C6A0BA /* Pretendard-SemiBold.otf */ = {isa = PBXFileReference; lastKnownFileType = file; path = "Pretendard-SemiBold.otf"; sourceTree = "<group>"; };
		D4FAA00A28FC978C00C6A0BA /* Pretendard-ExtraLight.otf */ = {isa = PBXFileReference; lastKnownFileType = file; path = "Pretendard-ExtraLight.otf"; sourceTree = "<group>"; };
		D4FAA00B28FC978C00C6A0BA /* Pretendard-Light.otf */ = {isa = PBXFileReference; lastKnownFileType = file; path = "Pretendard-Light.otf"; sourceTree = "<group>"; };
		D4FAA00C28FC978C00C6A0BA /* Pretendard-Thin.otf */ = {isa = PBXFileReference; lastKnownFileType = file; path = "Pretendard-Thin.otf"; sourceTree = "<group>"; };
/* End PBXFileReference section */

/* Begin PBXFrameworksBuildPhase section */
		D4E950B528EF48CA0066B711 /* Frameworks */ = {
			isa = PBXFrameworksBuildPhase;
			buildActionMask = 2147483647;
			files = (
				D47BC1A628F9487400B752F4 /* FSCalendar in Frameworks */,
			);
			runOnlyForDeploymentPostprocessing = 0;
		};
/* End PBXFrameworksBuildPhase section */

/* Begin PBXGroup section */
		D4049DC328F541F3007E442E /* VisualTagView */ = {
			isa = PBXGroup;
			children = (
				D4FAA00128FC87B500C6A0BA /* CalenderCell */,
				D4049DC428F542AB007E442E /* VisualTagCalendarViewController.swift */,
				D4049DC628F548DC007E442E /* VisualTagMapView.swift */,
				D4049DCC28F5581A007E442E /* VisualTagPeopleTargetView.swift */,
				D49C72C728FBE2ED00A5D8F7 /* VisualTagPeopleRangeView.swift */,
			);
			path = VisualTagView;
			sourceTree = "<group>";
		};
		D4E950AF28EF48CA0066B711 = {
			isa = PBXGroup;
			children = (
				D4E950BA28EF48CA0066B711 /* Spacer */,
				D46BB76728F94ACC004719B6 /* Spacer.app */,
			);
			sourceTree = "<group>";
		};
		D4E950BA28EF48CA0066B711 /* Spacer */ = {
			isa = PBXGroup;
			children = (
				D4FAA01628FC979800C6A0BA /* Fonts */,
				D4049DC328F541F3007E442E /* VisualTagView */,
				D4E950BB28EF48CA0066B711 /* AppDelegate.swift */,
				D4E950BD28EF48CA0066B711 /* SceneDelegate.swift */,
				D4E950BF28EF48CA0066B711 /* MainTabBarViewController.swift */,
				D4C95C4C28F5288F00992600 /* RequestViewController.swift */,
				D4C95C5228F5294900992600 /* FavoriteViewController.swift */,
				D4C95C5428F5296800992600 /* BirthdayCafeViewController.swift */,
				D4C95C4E28F528BA00992600 /* ChatViewController.swift */,
				D4C95C5028F528CB00992600 /* MyPageViewController.swift */,
				D4E950C428EF48CB0066B711 /* Assets.xcassets */,
				D4E950C628EF48CB0066B711 /* LaunchScreen.storyboard */,
				D4E950C928EF48CB0066B711 /* Info.plist */,
			);
			path = Spacer;
			sourceTree = "<group>";
		};
		D4FAA00128FC87B500C6A0BA /* CalenderCell */ = {
			isa = PBXGroup;
			children = (
				D4FAA00228FC87D600C6A0BA /* CustomCalenderCell.swift */,
			);
			path = CalenderCell;
			sourceTree = "<group>";
		};
		D4FAA01628FC979800C6A0BA /* Fonts */ = {
			isa = PBXGroup;
			children = (
				D4FAA00828FC978C00C6A0BA /* Pretendard-Black.otf */,
				D4FAA00628FC978C00C6A0BA /* Pretendard-Bold.otf */,
				D4FAA00428FC978C00C6A0BA /* Pretendard-ExtraBold.otf */,
				D4FAA00A28FC978C00C6A0BA /* Pretendard-ExtraLight.otf */,
				D4FAA00B28FC978C00C6A0BA /* Pretendard-Light.otf */,
				D4FAA00528FC978C00C6A0BA /* Pretendard-Medium.otf */,
				D4FAA00728FC978C00C6A0BA /* Pretendard-Regular.otf */,
				D4FAA00928FC978C00C6A0BA /* Pretendard-SemiBold.otf */,
				D4FAA00C28FC978C00C6A0BA /* Pretendard-Thin.otf */,
			);
			path = Fonts;
			sourceTree = "<group>";
		};
/* End PBXGroup section */

/* Begin PBXNativeTarget section */
		D4E950B728EF48CA0066B711 /* Spacer */ = {
			isa = PBXNativeTarget;
			buildConfigurationList = D4E950CC28EF48CB0066B711 /* Build configuration list for PBXNativeTarget "Spacer" */;
			buildPhases = (
				D4E950B428EF48CA0066B711 /* Sources */,
				D4E950B528EF48CA0066B711 /* Frameworks */,
				D4E950B628EF48CA0066B711 /* Resources */,
			);
			buildRules = (
			);
			dependencies = (
			);
			name = Spacer;
			packageProductDependencies = (
				D47BC1A528F9487400B752F4 /* FSCalendar */,
			);
			productName = Spacer;
			productReference = D46BB76728F94ACC004719B6 /* Spacer.app */;
			productType = "com.apple.product-type.application";
		};
/* End PBXNativeTarget section */

/* Begin PBXProject section */
		D4E950B028EF48CA0066B711 /* Project object */ = {
			isa = PBXProject;
			attributes = {
				BuildIndependentTargetsInParallel = 1;
				LastSwiftUpdateCheck = 1340;
				LastUpgradeCheck = 1340;
				TargetAttributes = {
					D4E950B728EF48CA0066B711 = {
						CreatedOnToolsVersion = 13.4.1;
					};
				};
			};
			buildConfigurationList = D4E950B328EF48CA0066B711 /* Build configuration list for PBXProject "Spacer" */;
			compatibilityVersion = "Xcode 13.0";
			developmentRegion = en;
			hasScannedForEncodings = 0;
			knownRegions = (
				en,
				Base,
			);
			mainGroup = D4E950AF28EF48CA0066B711;
			packageReferences = (
				D47BC1A428F9487400B752F4 /* XCRemoteSwiftPackageReference "FSCalendar" */,
			);
			productRefGroup = D4E950AF28EF48CA0066B711;
			projectDirPath = "";
			projectRoot = "";
			targets = (
				D4E950B728EF48CA0066B711 /* Spacer */,
			);
		};
/* End PBXProject section */

/* Begin PBXResourcesBuildPhase section */
		D4E950B628EF48CA0066B711 /* Resources */ = {
			isa = PBXResourcesBuildPhase;
			buildActionMask = 2147483647;
			files = (
				D4FAA01328FC978C00C6A0BA /* Pretendard-ExtraLight.otf in Resources */,
				D4E950C828EF48CB0066B711 /* LaunchScreen.storyboard in Resources */,
				D4FAA01028FC978C00C6A0BA /* Pretendard-Regular.otf in Resources */,
				D4FAA01428FC978C00C6A0BA /* Pretendard-Light.otf in Resources */,
				D4FAA00F28FC978C00C6A0BA /* Pretendard-Bold.otf in Resources */,
				D4FAA01228FC978C00C6A0BA /* Pretendard-SemiBold.otf in Resources */,
				D4E950C528EF48CB0066B711 /* Assets.xcassets in Resources */,
				D4FAA00D28FC978C00C6A0BA /* Pretendard-ExtraBold.otf in Resources */,
				D4FAA01128FC978C00C6A0BA /* Pretendard-Black.otf in Resources */,
				D4FAA01528FC978C00C6A0BA /* Pretendard-Thin.otf in Resources */,
				D4FAA00E28FC978C00C6A0BA /* Pretendard-Medium.otf in Resources */,
			);
			runOnlyForDeploymentPostprocessing = 0;
		};
/* End PBXResourcesBuildPhase section */

/* Begin PBXSourcesBuildPhase section */
		D4E950B428EF48CA0066B711 /* Sources */ = {
			isa = PBXSourcesBuildPhase;
			buildActionMask = 2147483647;
			files = (
				D4049DC728F548DC007E442E /* VisualTagMapView.swift in Sources */,
				D4049DCD28F5581B007E442E /* VisualTagPeopleTargetView.swift in Sources */,
				D4FAA00328FC87D600C6A0BA /* CustomCalenderCell.swift in Sources */,
				D4C95C5528F5296800992600 /* BirthdayCafeViewController.swift in Sources */,
				D4E950C028EF48CA0066B711 /* MainTabBarViewController.swift in Sources */,
				D4E950BC28EF48CA0066B711 /* AppDelegate.swift in Sources */,
				D4049DC528F542AB007E442E /* VisualTagCalendarViewController.swift in Sources */,
				D4C95C4D28F5288F00992600 /* RequestViewController.swift in Sources */,
				D4C95C5328F5294900992600 /* FavoriteViewController.swift in Sources */,
				D4C95C4F28F528BA00992600 /* ChatViewController.swift in Sources */,
				D4E950BE28EF48CA0066B711 /* SceneDelegate.swift in Sources */,
				D49C72C828FBE2ED00A5D8F7 /* VisualTagPeopleRangeView.swift in Sources */,
				D4C95C5128F528CB00992600 /* MyPageViewController.swift in Sources */,
			);
			runOnlyForDeploymentPostprocessing = 0;
		};
/* End PBXSourcesBuildPhase section */

/* Begin PBXVariantGroup section */
		D4E950C628EF48CB0066B711 /* LaunchScreen.storyboard */ = {
			isa = PBXVariantGroup;
			children = (
				D4E950C728EF48CB0066B711 /* Base */,
			);
			name = LaunchScreen.storyboard;
			sourceTree = "<group>";
		};
/* End PBXVariantGroup section */

/* Begin XCBuildConfiguration section */
		D4E950CA28EF48CB0066B711 /* Debug */ = {
			isa = XCBuildConfiguration;
			buildSettings = {
				ALWAYS_SEARCH_USER_PATHS = NO;
				CLANG_ANALYZER_NONNULL = YES;
				CLANG_ANALYZER_NUMBER_OBJECT_CONVERSION = YES_AGGRESSIVE;
				CLANG_CXX_LANGUAGE_STANDARD = "gnu++17";
				CLANG_ENABLE_MODULES = YES;
				CLANG_ENABLE_OBJC_ARC = YES;
				CLANG_ENABLE_OBJC_WEAK = YES;
				CLANG_WARN_BLOCK_CAPTURE_AUTORELEASING = YES;
				CLANG_WARN_BOOL_CONVERSION = YES;
				CLANG_WARN_COMMA = YES;
				CLANG_WARN_CONSTANT_CONVERSION = YES;
				CLANG_WARN_DEPRECATED_OBJC_IMPLEMENTATIONS = YES;
				CLANG_WARN_DIRECT_OBJC_ISA_USAGE = YES_ERROR;
				CLANG_WARN_DOCUMENTATION_COMMENTS = YES;
				CLANG_WARN_EMPTY_BODY = YES;
				CLANG_WARN_ENUM_CONVERSION = YES;
				CLANG_WARN_INFINITE_RECURSION = YES;
				CLANG_WARN_INT_CONVERSION = YES;
				CLANG_WARN_NON_LITERAL_NULL_CONVERSION = YES;
				CLANG_WARN_OBJC_IMPLICIT_RETAIN_SELF = YES;
				CLANG_WARN_OBJC_LITERAL_CONVERSION = YES;
				CLANG_WARN_OBJC_ROOT_CLASS = YES_ERROR;
				CLANG_WARN_QUOTED_INCLUDE_IN_FRAMEWORK_HEADER = YES;
				CLANG_WARN_RANGE_LOOP_ANALYSIS = YES;
				CLANG_WARN_STRICT_PROTOTYPES = YES;
				CLANG_WARN_SUSPICIOUS_MOVE = YES;
				CLANG_WARN_UNGUARDED_AVAILABILITY = YES_AGGRESSIVE;
				CLANG_WARN_UNREACHABLE_CODE = YES;
				CLANG_WARN__DUPLICATE_METHOD_MATCH = YES;
				COPY_PHASE_STRIP = NO;
				DEBUG_INFORMATION_FORMAT = dwarf;
				ENABLE_STRICT_OBJC_MSGSEND = YES;
				ENABLE_TESTABILITY = YES;
				GCC_C_LANGUAGE_STANDARD = gnu11;
				GCC_DYNAMIC_NO_PIC = NO;
				GCC_NO_COMMON_BLOCKS = YES;
				GCC_OPTIMIZATION_LEVEL = 0;
				GCC_PREPROCESSOR_DEFINITIONS = (
					"DEBUG=1",
					"$(inherited)",
				);
				GCC_WARN_64_TO_32_BIT_CONVERSION = YES;
				GCC_WARN_ABOUT_RETURN_TYPE = YES_ERROR;
				GCC_WARN_UNDECLARED_SELECTOR = YES;
				GCC_WARN_UNINITIALIZED_AUTOS = YES_AGGRESSIVE;
				GCC_WARN_UNUSED_FUNCTION = YES;
				GCC_WARN_UNUSED_VARIABLE = YES;
				IPHONEOS_DEPLOYMENT_TARGET = 15.0;
				MTL_ENABLE_DEBUG_INFO = INCLUDE_SOURCE;
				MTL_FAST_MATH = YES;
				ONLY_ACTIVE_ARCH = YES;
				SDKROOT = iphoneos;
				SWIFT_ACTIVE_COMPILATION_CONDITIONS = DEBUG;
				SWIFT_OPTIMIZATION_LEVEL = "-Onone";
			};
			name = Debug;
		};
		D4E950CB28EF48CB0066B711 /* Release */ = {
			isa = XCBuildConfiguration;
			buildSettings = {
				ALWAYS_SEARCH_USER_PATHS = NO;
				CLANG_ANALYZER_NONNULL = YES;
				CLANG_ANALYZER_NUMBER_OBJECT_CONVERSION = YES_AGGRESSIVE;
				CLANG_CXX_LANGUAGE_STANDARD = "gnu++17";
				CLANG_ENABLE_MODULES = YES;
				CLANG_ENABLE_OBJC_ARC = YES;
				CLANG_ENABLE_OBJC_WEAK = YES;
				CLANG_WARN_BLOCK_CAPTURE_AUTORELEASING = YES;
				CLANG_WARN_BOOL_CONVERSION = YES;
				CLANG_WARN_COMMA = YES;
				CLANG_WARN_CONSTANT_CONVERSION = YES;
				CLANG_WARN_DEPRECATED_OBJC_IMPLEMENTATIONS = YES;
				CLANG_WARN_DIRECT_OBJC_ISA_USAGE = YES_ERROR;
				CLANG_WARN_DOCUMENTATION_COMMENTS = YES;
				CLANG_WARN_EMPTY_BODY = YES;
				CLANG_WARN_ENUM_CONVERSION = YES;
				CLANG_WARN_INFINITE_RECURSION = YES;
				CLANG_WARN_INT_CONVERSION = YES;
				CLANG_WARN_NON_LITERAL_NULL_CONVERSION = YES;
				CLANG_WARN_OBJC_IMPLICIT_RETAIN_SELF = YES;
				CLANG_WARN_OBJC_LITERAL_CONVERSION = YES;
				CLANG_WARN_OBJC_ROOT_CLASS = YES_ERROR;
				CLANG_WARN_QUOTED_INCLUDE_IN_FRAMEWORK_HEADER = YES;
				CLANG_WARN_RANGE_LOOP_ANALYSIS = YES;
				CLANG_WARN_STRICT_PROTOTYPES = YES;
				CLANG_WARN_SUSPICIOUS_MOVE = YES;
				CLANG_WARN_UNGUARDED_AVAILABILITY = YES_AGGRESSIVE;
				CLANG_WARN_UNREACHABLE_CODE = YES;
				CLANG_WARN__DUPLICATE_METHOD_MATCH = YES;
				COPY_PHASE_STRIP = NO;
				DEBUG_INFORMATION_FORMAT = "dwarf-with-dsym";
				ENABLE_NS_ASSERTIONS = NO;
				ENABLE_STRICT_OBJC_MSGSEND = YES;
				GCC_C_LANGUAGE_STANDARD = gnu11;
				GCC_NO_COMMON_BLOCKS = YES;
				GCC_WARN_64_TO_32_BIT_CONVERSION = YES;
				GCC_WARN_ABOUT_RETURN_TYPE = YES_ERROR;
				GCC_WARN_UNDECLARED_SELECTOR = YES;
				GCC_WARN_UNINITIALIZED_AUTOS = YES_AGGRESSIVE;
				GCC_WARN_UNUSED_FUNCTION = YES;
				GCC_WARN_UNUSED_VARIABLE = YES;
				IPHONEOS_DEPLOYMENT_TARGET = 15.0;
				MTL_ENABLE_DEBUG_INFO = NO;
				MTL_FAST_MATH = YES;
				SDKROOT = iphoneos;
				SWIFT_COMPILATION_MODE = wholemodule;
				SWIFT_OPTIMIZATION_LEVEL = "-O";
				VALIDATE_PRODUCT = YES;
			};
			name = Release;
		};
		D4E950CD28EF48CB0066B711 /* Debug */ = {
			isa = XCBuildConfiguration;
			buildSettings = {
				ASSETCATALOG_COMPILER_APPICON_NAME = AppIcon;
				ASSETCATALOG_COMPILER_GLOBAL_ACCENT_COLOR_NAME = AccentColor;
				CODE_SIGN_IDENTITY = "iPhone Developer";
				CODE_SIGN_STYLE = Manual;
				CURRENT_PROJECT_VERSION = 1;
				DEVELOPMENT_TEAM = 378ZJRNNF8;
				GENERATE_INFOPLIST_FILE = YES;
				INFOPLIST_FILE = Spacer/Info.plist;
				INFOPLIST_KEY_UIApplicationSupportsIndirectInputEvents = YES;
				INFOPLIST_KEY_UILaunchStoryboardName = LaunchScreen;
				INFOPLIST_KEY_UISupportedInterfaceOrientations_iPad = "UIInterfaceOrientationPortrait UIInterfaceOrientationPortraitUpsideDown UIInterfaceOrientationLandscapeLeft UIInterfaceOrientationLandscapeRight";
				INFOPLIST_KEY_UISupportedInterfaceOrientations_iPhone = "UIInterfaceOrientationPortrait UIInterfaceOrientationLandscapeLeft UIInterfaceOrientationLandscapeRight";
				LD_RUNPATH_SEARCH_PATHS = (
					"$(inherited)",
					"@executable_path/Frameworks",
				);
				MARKETING_VERSION = 1.0;
				PRODUCT_BUNDLE_IDENTIFIER = com.Spacer.Spacer;
				PRODUCT_NAME = "$(TARGET_NAME)";
				PROVISIONING_PROFILE_SPECIFIER = Spacer_App_Devleopment;
				SWIFT_EMIT_LOC_STRINGS = YES;
				SWIFT_VERSION = 5.0;
				TARGETED_DEVICE_FAMILY = 1;
			};
			name = Debug;
		};
		D4E950CE28EF48CB0066B711 /* Release */ = {
			isa = XCBuildConfiguration;
			buildSettings = {
				ASSETCATALOG_COMPILER_APPICON_NAME = AppIcon;
				ASSETCATALOG_COMPILER_GLOBAL_ACCENT_COLOR_NAME = AccentColor;
				CODE_SIGN_IDENTITY = "iPhone Distribution";
				CODE_SIGN_STYLE = Manual;
				CURRENT_PROJECT_VERSION = 1;
				DEVELOPMENT_TEAM = 378ZJRNNF8;
				GENERATE_INFOPLIST_FILE = YES;
				INFOPLIST_FILE = Spacer/Info.plist;
				INFOPLIST_KEY_UIApplicationSupportsIndirectInputEvents = YES;
				INFOPLIST_KEY_UILaunchStoryboardName = LaunchScreen;
				INFOPLIST_KEY_UISupportedInterfaceOrientations_iPad = "UIInterfaceOrientationPortrait UIInterfaceOrientationPortraitUpsideDown UIInterfaceOrientationLandscapeLeft UIInterfaceOrientationLandscapeRight";
				INFOPLIST_KEY_UISupportedInterfaceOrientations_iPhone = "UIInterfaceOrientationPortrait UIInterfaceOrientationLandscapeLeft UIInterfaceOrientationLandscapeRight";
				LD_RUNPATH_SEARCH_PATHS = (
					"$(inherited)",
					"@executable_path/Frameworks",
				);
				MARKETING_VERSION = 1.0;
				PRODUCT_BUNDLE_IDENTIFIER = com.Spacer.Spacer;
				PRODUCT_NAME = "$(TARGET_NAME)";
				PROVISIONING_PROFILE_SPECIFIER = Spacer_App_Distribution;
				SWIFT_EMIT_LOC_STRINGS = YES;
				SWIFT_VERSION = 5.0;
				TARGETED_DEVICE_FAMILY = 1;
			};
			name = Release;
		};
/* End XCBuildConfiguration section */

/* Begin XCConfigurationList section */
		D4E950B328EF48CA0066B711 /* Build configuration list for PBXProject "Spacer" */ = {
			isa = XCConfigurationList;
			buildConfigurations = (
				D4E950CA28EF48CB0066B711 /* Debug */,
				D4E950CB28EF48CB0066B711 /* Release */,
			);
			defaultConfigurationIsVisible = 0;
			defaultConfigurationName = Release;
		};
		D4E950CC28EF48CB0066B711 /* Build configuration list for PBXNativeTarget "Spacer" */ = {
			isa = XCConfigurationList;
			buildConfigurations = (
				D4E950CD28EF48CB0066B711 /* Debug */,
				D4E950CE28EF48CB0066B711 /* Release */,
			);
			defaultConfigurationIsVisible = 0;
			defaultConfigurationName = Release;
		};
/* End XCConfigurationList section */

/* Begin XCRemoteSwiftPackageReference section */
		D47BC1A428F9487400B752F4 /* XCRemoteSwiftPackageReference "FSCalendar" */ = {
			isa = XCRemoteSwiftPackageReference;
			repositoryURL = "https://github.com/WenchaoD/FSCalendar.git";
			requirement = {
				kind = exactVersion;
				version = 2.8.4;
			};
		};
/* End XCRemoteSwiftPackageReference section */

/* Begin XCSwiftPackageProductDependency section */
		D47BC1A528F9487400B752F4 /* FSCalendar */ = {
			isa = XCSwiftPackageProductDependency;
			package = D47BC1A428F9487400B752F4 /* XCRemoteSwiftPackageReference "FSCalendar" */;
			productName = FSCalendar;
		};
/* End XCSwiftPackageProductDependency section */
	};
	rootObject = D4E950B028EF48CA0066B711 /* Project object */;
}
